// !$*UTF8*$!
{
	archiveVersion = 1;
	classes = {
	};
	objectVersion = 50;
	objects = {

/* Begin PBXBuildFile section */
		572A73E2249EA6BE00146CF7 /* AppDelegate.swift in Sources */ = {isa = PBXBuildFile; fileRef = 572A73E1249EA6BE00146CF7 /* AppDelegate.swift */; };
		572A73E4249EA6BE00146CF7 /* SceneDelegate.swift in Sources */ = {isa = PBXBuildFile; fileRef = 572A73E3249EA6BE00146CF7 /* SceneDelegate.swift */; };
		572A73E9249EA6BE00146CF7 /* Main.storyboard in Resources */ = {isa = PBXBuildFile; fileRef = 572A73E7249EA6BE00146CF7 /* Main.storyboard */; };
		572A73EB249EA6BF00146CF7 /* Assets.xcassets in Resources */ = {isa = PBXBuildFile; fileRef = 572A73EA249EA6BF00146CF7 /* Assets.xcassets */; };
		572A73EE249EA6BF00146CF7 /* LaunchScreen.storyboard in Resources */ = {isa = PBXBuildFile; fileRef = 572A73EC249EA6BF00146CF7 /* LaunchScreen.storyboard */; };
		572A73F6249EAA0200146CF7 /* TodoTableViewController.swift in Sources */ = {isa = PBXBuildFile; fileRef = 572A73F5249EAA0200146CF7 /* TodoTableViewController.swift */; };
		572A73F8249EAA8400146CF7 /* TodoTableViewCell.swift in Sources */ = {isa = PBXBuildFile; fileRef = 572A73F7249EAA8400146CF7 /* TodoTableViewCell.swift */; };
		572A73FA249F77AB00146CF7 /* CreateTask.xib in Resources */ = {isa = PBXBuildFile; fileRef = 572A73F9249F77AB00146CF7 /* CreateTask.xib */; };
		572A73FC249F795500146CF7 /* CreateTaskViewController.swift in Sources */ = {isa = PBXBuildFile; fileRef = 572A73FB249F795500146CF7 /* CreateTaskViewController.swift */; };
/* End PBXBuildFile section */

/* Begin PBXFileReference section */
		572A73DE249EA6BE00146CF7 /* TodoApp.app */ = {isa = PBXFileReference; explicitFileType = wrapper.application; includeInIndex = 0; path = TodoApp.app; sourceTree = BUILT_PRODUCTS_DIR; };
		572A73E1249EA6BE00146CF7 /* AppDelegate.swift */ = {isa = PBXFileReference; lastKnownFileType = sourcecode.swift; path = AppDelegate.swift; sourceTree = "<group>"; };
		572A73E3249EA6BE00146CF7 /* SceneDelegate.swift */ = {isa = PBXFileReference; lastKnownFileType = sourcecode.swift; path = SceneDelegate.swift; sourceTree = "<group>"; };
		572A73E8249EA6BE00146CF7 /* Base */ = {isa = PBXFileReference; lastKnownFileType = file.storyboard; name = Base; path = Base.lproj/Main.storyboard; sourceTree = "<group>"; };
		572A73EA249EA6BF00146CF7 /* Assets.xcassets */ = {isa = PBXFileReference; lastKnownFileType = folder.assetcatalog; path = Assets.xcassets; sourceTree = "<group>"; };
		572A73ED249EA6BF00146CF7 /* Base */ = {isa = PBXFileReference; lastKnownFileType = file.storyboard; name = Base; path = Base.lproj/LaunchScreen.storyboard; sourceTree = "<group>"; };
		572A73EF249EA6BF00146CF7 /* Info.plist */ = {isa = PBXFileReference; lastKnownFileType = text.plist.xml; path = Info.plist; sourceTree = "<group>"; };
		572A73F5249EAA0200146CF7 /* TodoTableViewController.swift */ = {isa = PBXFileReference; lastKnownFileType = sourcecode.swift; path = TodoTableViewController.swift; sourceTree = "<group>"; };
		572A73F7249EAA8400146CF7 /* TodoTableViewCell.swift */ = {isa = PBXFileReference; lastKnownFileType = sourcecode.swift; path = TodoTableViewCell.swift; sourceTree = "<group>"; };
		572A73F9249F77AB00146CF7 /* CreateTask.xib */ = {isa = PBXFileReference; lastKnownFileType = file.xib; path = CreateTask.xib; sourceTree = "<group>"; };
		572A73FB249F795500146CF7 /* CreateTaskViewController.swift */ = {isa = PBXFileReference; lastKnownFileType = sourcecode.swift; path = CreateTaskViewController.swift; sourceTree = "<group>"; };
/* End PBXFileReference section */

/* Begin PBXFrameworksBuildPhase section */
		572A73DB249EA6BE00146CF7 /* Frameworks */ = {
			isa = PBXFrameworksBuildPhase;
			buildActionMask = 2147483647;
			files = (
			);
			runOnlyForDeploymentPostprocessing = 0;
		};
/* End PBXFrameworksBuildPhase section */

/* Begin PBXGroup section */
		572A73D5249EA6BE00146CF7 = {
			isa = PBXGroup;
			children = (
				572A73E0249EA6BE00146CF7 /* TodoApp */,
				572A73DF249EA6BE00146CF7 /* Products */,
			);
			sourceTree = "<group>";
		};
		572A73DF249EA6BE00146CF7 /* Products */ = {
			isa = PBXGroup;
			children = (
				572A73DE249EA6BE00146CF7 /* TodoApp.app */,
			);
			name = Products;
			sourceTree = "<group>";
		};
		572A73E0249EA6BE00146CF7 /* TodoApp */ = {
			isa = PBXGroup;
			children = (
				572A73E1249EA6BE00146CF7 /* AppDelegate.swift */,
				572A73E3249EA6BE00146CF7 /* SceneDelegate.swift */,
				572A73E7249EA6BE00146CF7 /* Main.storyboard */,
				572A73EA249EA6BF00146CF7 /* Assets.xcassets */,
				572A73EC249EA6BF00146CF7 /* LaunchScreen.storyboard */,
				572A73EF249EA6BF00146CF7 /* Info.plist */,
				572A73F5249EAA0200146CF7 /* TodoTableViewController.swift */,
				572A73F7249EAA8400146CF7 /* TodoTableViewCell.swift */,
				572A73F9249F77AB00146CF7 /* CreateTask.xib */,
				572A73FB249F795500146CF7 /* CreateTaskViewController.swift */,
			);
			path = TodoApp;
			sourceTree = "<group>";
		};
/* End PBXGroup section */

/* Begin PBXNativeTarget section */
		572A73DD249EA6BE00146CF7 /* TodoApp */ = {
			isa = PBXNativeTarget;
			buildConfigurationList = 572A73F2249EA6BF00146CF7 /* Build configuration list for PBXNativeTarget "TodoApp" */;
			buildPhases = (
				572A73DA249EA6BE00146CF7 /* Sources */,
				572A73DB249EA6BE00146CF7 /* Frameworks */,
				572A73DC249EA6BE00146CF7 /* Resources */,
			);
			buildRules = (
			);
			dependencies = (
			);
			name = TodoApp;
			productName = TodoApp;
			productReference = 572A73DE249EA6BE00146CF7 /* TodoApp.app */;
			productType = "com.apple.product-type.application";
		};
/* End PBXNativeTarget section */

/* Begin PBXProject section */
		572A73D6249EA6BE00146CF7 /* Project object */ = {
			isa = PBXProject;
			attributes = {
				LastSwiftUpdateCheck = 1130;
				LastUpgradeCheck = 1130;
				ORGANIZATIONNAME = aluno;
				TargetAttributes = {
					572A73DD249EA6BE00146CF7 = {
						CreatedOnToolsVersion = 11.3.1;
					};
				};
			};
			buildConfigurationList = 572A73D9249EA6BE00146CF7 /* Build configuration list for PBXProject "TodoApp" */;
			compatibilityVersion = "Xcode 9.3";
			developmentRegion = en;
			hasScannedForEncodings = 0;
			knownRegions = (
				en,
				Base,
			);
			mainGroup = 572A73D5249EA6BE00146CF7;
			productRefGroup = 572A73DF249EA6BE00146CF7 /* Products */;
			projectDirPath = "";
			projectRoot = "";
			targets = (
				572A73DD249EA6BE00146CF7 /* TodoApp */,
			);
		};
/* End PBXProject section */

/* Begin PBXResourcesBuildPhase section */
		572A73DC249EA6BE00146CF7 /* Resources */ = {
			isa = PBXResourcesBuildPhase;
			buildActionMask = 2147483647;
			files = (
				572A73EE249EA6BF00146CF7 /* LaunchScreen.storyboard in Resources */,
				572A73EB249EA6BF00146CF7 /* Assets.xcassets in Resources */,
				572A73FA249F77AB00146CF7 /* CreateTask.xib in Resources */,
				572A73E9249EA6BE00146CF7 /* Main.storyboard in Resources */,
			);
			runOnlyForDeploymentPostprocessing = 0;
		};
/* End PBXResourcesBuildPhase section */

/* Begin PBXSourcesBuildPhase section */
		572A73DA249EA6BE00146CF7 /* Sources */ = {
			isa = PBXSourcesBuildPhase;
			buildActionMask = 2147483647;
			files = (
				572A73F6249EAA0200146CF7 /* TodoTableViewController.swift in Sources */,
				572A73E2249EA6BE00146CF7 /* AppDelegate.swift in Sources */,
				572A73F8249EAA8400146CF7 /* TodoTableViewCell.swift in Sources */,
				572A73E4249EA6BE00146CF7 /* SceneDelegate.swift in Sources */,
				572A73FC249F795500146CF7 /* CreateTaskViewController.swift in Sources */,
			);
			runOnlyForDeploymentPostprocessing = 0;
		};
/* End PBXSourcesBuildPhase section */

/* Begin PBXVariantGroup section */
		572A73E7249EA6BE00146CF7 /* Main.storyboard */ = {
			isa = PBXVariantGroup;
			children = (
				572A73E8249EA6BE00146CF7 /* Base */,
			);
			name = Main.storyboard;
			sourceTree = "<group>";
		};
		572A73EC249EA6BF00146CF7 /* LaunchScreen.storyboard */ = {
			isa = PBXVariantGroup;
			children = (
				572A73ED249EA6BF00146CF7 /* Base */,
			);
			name = LaunchScreen.storyboard;
			sourceTree = "<group>";
		};
/* End PBXVariantGroup section */

/* Begin XCBuildConfiguration section */
		572A73F0249EA6BF00146CF7 /* Debug */ = {
			isa = XCBuildConfiguration;
			buildSettings = {
				ALWAYS_SEARCH_USER_PATHS = NO;
				CLANG_ANALYZER_NONNULL = YES;
				CLANG_ANALYZER_NUMBER_OBJECT_CONVERSION = YES_AGGRESSIVE;
				CLANG_CXX_LANGUAGE_STANDARD = "gnu++14";
				CLANG_CXX_LIBRARY = "libc++";
				CLANG_ENABLE_MODULES = YES;
				CLANG_ENABLE_OBJC_ARC = YES;
				CLANG_ENABLE_OBJC_WEAK = YES;
				CLANG_WARN_BLOCK_CAPTURE_AUTORELEASING = YES;
				CLANG_WARN_BOOL_CONVERSION = YES;
				CLANG_WARN_COMMA = YES;
				CLANG_WARN_CONSTANT_CONVERSION = YES;
				CLANG_WARN_DEPRECATED_OBJC_IMPLEMENTATIONS = YES;
				CLANG_WARN_DIRECT_OBJC_ISA_USAGE = YES_ERROR;
				CLANG_WARN_DOCUMENTATION_COMMENTS = YES;
				CLANG_WARN_EMPTY_BODY = YES;
				CLANG_WARN_ENUM_CONVERSION = YES;
				CLANG_WARN_INFINITE_RECURSION = YES;
				CLANG_WARN_INT_CONVERSION = YES;
				CLANG_WARN_NON_LITERAL_NULL_CONVERSION = YES;
				CLANG_WARN_OBJC_IMPLICIT_RETAIN_SELF = YES;
				CLANG_WARN_OBJC_LITERAL_CONVERSION = YES;
				CLANG_WARN_OBJC_ROOT_CLASS = YES_ERROR;
				CLANG_WARN_RANGE_LOOP_ANALYSIS = YES;
				CLANG_WARN_STRICT_PROTOTYPES = YES;
				CLANG_WARN_SUSPICIOUS_MOVE = YES;
				CLANG_WARN_UNGUARDED_AVAILABILITY = YES_AGGRESSIVE;
				CLANG_WARN_UNREACHABLE_CODE = YES;
				CLANG_WARN__DUPLICATE_METHOD_MATCH = YES;
				COPY_PHASE_STRIP = NO;
				DEBUG_INFORMATION_FORMAT = dwarf;
				ENABLE_STRICT_OBJC_MSGSEND = YES;
				ENABLE_TESTABILITY = YES;
				GCC_C_LANGUAGE_STANDARD = gnu11;
				GCC_DYNAMIC_NO_PIC = NO;
				GCC_NO_COMMON_BLOCKS = YES;
				GCC_OPTIMIZATION_LEVEL = 0;
				GCC_PREPROCESSOR_DEFINITIONS = (
					"DEBUG=1",
					"$(inherited)",
				);
				GCC_WARN_64_TO_32_BIT_CONVERSION = YES;
				GCC_WARN_ABOUT_RETURN_TYPE = YES_ERROR;
				GCC_WARN_UNDECLARED_SELECTOR = YES;
				GCC_WARN_UNINITIALIZED_AUTOS = YES_AGGRESSIVE;
				GCC_WARN_UNUSED_FUNCTION = YES;
				GCC_WARN_UNUSED_VARIABLE = YES;
				IPHONEOS_DEPLOYMENT_TARGET = 13.2;
				MTL_ENABLE_DEBUG_INFO = INCLUDE_SOURCE;
				MTL_FAST_MATH = YES;
				ONLY_ACTIVE_ARCH = YES;
				SDKROOT = iphoneos;
				SWIFT_ACTIVE_COMPILATION_CONDITIONS = DEBUG;
				SWIFT_OPTIMIZATION_LEVEL = "-Onone";
			};
			name = Debug;
		};
		572A73F1249EA6BF00146CF7 /* Release */ = {
			isa = XCBuildConfiguration;
			buildSettings = {
				ALWAYS_SEARCH_USER_PATHS = NO;
				CLANG_ANALYZER_NONNULL = YES;
				CLANG_ANALYZER_NUMBER_OBJECT_CONVERSION = YES_AGGRESSIVE;
				CLANG_CXX_LANGUAGE_STANDARD = "gnu++14";
				CLANG_CXX_LIBRARY = "libc++";
				CLANG_ENABLE_MODULES = YES;
				CLANG_ENABLE_OBJC_ARC = YES;
				CLANG_ENABLE_OBJC_WEAK = YES;
				CLANG_WARN_BLOCK_CAPTURE_AUTORELEASING = YES;
				CLANG_WARN_BOOL_CONVERSION = YES;
				CLANG_WARN_COMMA = YES;
				CLANG_WARN_CONSTANT_CONVERSION = YES;
				CLANG_WARN_DEPRECATED_OBJC_IMPLEMENTATIONS = YES;
				CLANG_WARN_DIRECT_OBJC_ISA_USAGE = YES_ERROR;
				CLANG_WARN_DOCUMENTATION_COMMENTS = YES;
				CLANG_WARN_EMPTY_BODY = YES;
				CLANG_WARN_ENUM_CONVERSION = YES;
				CLANG_WARN_INFINITE_RECURSION = YES;
				CLANG_WARN_INT_CONVERSION = YES;
				CLANG_WARN_NON_LITERAL_NULL_CONVERSION = YES;
				CLANG_WARN_OBJC_IMPLICIT_RETAIN_SELF = YES;
				CLANG_WARN_OBJC_LITERAL_CONVERSION = YES;
				CLANG_WARN_OBJC_ROOT_CLASS = YES_ERROR;
				CLANG_WARN_RANGE_LOOP_ANALYSIS = YES;
				CLANG_WARN_STRICT_PROTOTYPES = YES;
				CLANG_WARN_SUSPICIOUS_MOVE = YES;
				CLANG_WARN_UNGUARDED_AVAILABILITY = YES_AGGRESSIVE;
				CLANG_WARN_UNREACHABLE_CODE = YES;
				CLANG_WARN__DUPLICATE_METHOD_MATCH = YES;
				COPY_PHASE_STRIP = NO;
				DEBUG_INFORMATION_FORMAT = "dwarf-with-dsym";
				ENABLE_NS_ASSERTIONS = NO;
				ENABLE_STRICT_OBJC_MSGSEND = YES;
				GCC_C_LANGUAGE_STANDARD = gnu11;
				GCC_NO_COMMON_BLOCKS = YES;
				GCC_WARN_64_TO_32_BIT_CONVERSION = YES;
				GCC_WARN_ABOUT_RETURN_TYPE = YES_ERROR;
				GCC_WARN_UNDECLARED_SELECTOR = YES;
				GCC_WARN_UNINITIALIZED_AUTOS = YES_AGGRESSIVE;
				GCC_WARN_UNUSED_FUNCTION = YES;
				GCC_WARN_UNUSED_VARIABLE = YES;
				IPHONEOS_DEPLOYMENT_TARGET = 13.2;
				MTL_ENABLE_DEBUG_INFO = NO;
				MTL_FAST_MATH = YES;
				SDKROOT = iphoneos;
				SWIFT_COMPILATION_MODE = wholemodule;
				SWIFT_OPTIMIZATION_LEVEL = "-O";
				VALIDATE_PRODUCT = YES;
			};
			name = Release;
		};
		572A73F3249EA6BF00146CF7 /* Debug */ = {
			isa = XCBuildConfiguration;
			buildSettings = {
				ASSETCATALOG_COMPILER_APPICON_NAME = AppIcon;
				CODE_SIGN_STYLE = Automatic;
				INFOPLIST_FILE = TodoApp/Info.plist;
				LD_RUNPATH_SEARCH_PATHS = (
					"$(inherited)",
					"@executable_path/Frameworks",
				);
				PRODUCT_BUNDLE_IDENTIFIER = com.trc.liv.TodoApp;
				PRODUCT_NAME = "$(TARGET_NAME)";
				SWIFT_VERSION = 5.0;
				TARGETED_DEVICE_FAMILY = 1;
			};
			name = Debug;
		};
		572A73F4249EA6BF00146CF7 /* Release */ = {
			isa = XCBuildConfiguration;
			buildSettings = {
				ASSETCATALOG_COMPILER_APPICON_NAME = AppIcon;
				CODE_SIGN_STYLE = Automatic;
				INFOPLIST_FILE = TodoApp/Info.plist;
				LD_RUNPATH_SEARCH_PATHS = (
					"$(inherited)",
					"@executable_path/Frameworks",
				);
				PRODUCT_BUNDLE_IDENTIFIER = com.trc.liv.TodoApp;
				PRODUCT_NAME = "$(TARGET_NAME)";
				SWIFT_VERSION = 5.0;
				TARGETED_DEVICE_FAMILY = 1;
			};
			name = Release;
		};
/* End XCBuildConfiguration section */

/* Begin XCConfigurationList section */
		572A73D9249EA6BE00146CF7 /* Build configuration list for PBXProject "TodoApp" */ = {
			isa = XCConfigurationList;
			buildConfigurations = (
				572A73F0249EA6BF00146CF7 /* Debug */,
				572A73F1249EA6BF00146CF7 /* Release */,
			);
			defaultConfigurationIsVisible = 0;
			defaultConfigurationName = Release;
		};
		572A73F2249EA6BF00146CF7 /* Build configuration list for PBXNativeTarget "TodoApp" */ = {
			isa = XCConfigurationList;
			buildConfigurations = (
				572A73F3249EA6BF00146CF7 /* Debug */,
				572A73F4249EA6BF00146CF7 /* Release */,
			);
			defaultConfigurationIsVisible = 0;
			defaultConfigurationName = Release;
		};
/* End XCConfigurationList section */
	};
	rootObject = 572A73D6249EA6BE00146CF7 /* Project object */;
}
